// !$*UTF8*$!
{
	archiveVersion = 1;
	classes = {
	};
	objectVersion = 46;
	objects = {

/* Begin PBXBuildFile section */
		121544311941C1F7008D7DE8 /* AppDelegate.swift in Sources */ = {isa = PBXBuildFile; fileRef = 121544301941C1F7008D7DE8 /* AppDelegate.swift */; };
		121544341941C1F7008D7DE8 /* Formation.xcdatamodeld in Sources */ = {isa = PBXBuildFile; fileRef = 121544321941C1F7008D7DE8 /* Formation.xcdatamodeld */; };
		121544361941C1F7008D7DE8 /* Images.xcassets in Resources */ = {isa = PBXBuildFile; fileRef = 121544351941C1F7008D7DE8 /* Images.xcassets */; };
		121544421941C1F8008D7DE8 /* FormationTests.swift in Sources */ = {isa = PBXBuildFile; fileRef = 121544411941C1F8008D7DE8 /* FormationTests.swift */; };
		1215444D1941C238008D7DE8 /* RSSItem.swift in Sources */ = {isa = PBXBuildFile; fileRef = 1215444C1941C238008D7DE8 /* RSSItem.swift */; };
		1215444F1941C755008D7DE8 /* RSSFeed.swift in Sources */ = {isa = PBXBuildFile; fileRef = 1215444E1941C755008D7DE8 /* RSSFeed.swift */; };
		121544511941EFFD008D7DE8 /* RSSReader.swift in Sources */ = {isa = PBXBuildFile; fileRef = 121544501941EFFD008D7DE8 /* RSSReader.swift */; };
/* End PBXBuildFile section */

/* Begin PBXContainerItemProxy section */
		1215443C1941C1F8008D7DE8 /* PBXContainerItemProxy */ = {
			isa = PBXContainerItemProxy;
			containerPortal = 121544231941C1F7008D7DE8 /* Project object */;
			proxyType = 1;
			remoteGlobalIDString = 1215442A1941C1F7008D7DE8;
			remoteInfo = Formation;
		};
/* End PBXContainerItemProxy section */

/* Begin PBXFileReference section */
		1215442B1941C1F7008D7DE8 /* Formation.app */ = {isa = PBXFileReference; explicitFileType = wrapper.application; includeInIndex = 0; path = Formation.app; sourceTree = BUILT_PRODUCTS_DIR; };
		1215442F1941C1F7008D7DE8 /* Info.plist */ = {isa = PBXFileReference; lastKnownFileType = text.plist.xml; path = Info.plist; sourceTree = "<group>"; };
		121544301941C1F7008D7DE8 /* AppDelegate.swift */ = {isa = PBXFileReference; lastKnownFileType = sourcecode.swift; path = AppDelegate.swift; sourceTree = "<group>"; };
		121544331941C1F7008D7DE8 /* Formation.xcdatamodel */ = {isa = PBXFileReference; lastKnownFileType = wrapper.xcdatamodel; path = Formation.xcdatamodel; sourceTree = "<group>"; };
		121544351941C1F7008D7DE8 /* Images.xcassets */ = {isa = PBXFileReference; lastKnownFileType = folder.assetcatalog; path = Images.xcassets; sourceTree = "<group>"; };
		1215443B1941C1F8008D7DE8 /* FormationTests.xctest */ = {isa = PBXFileReference; explicitFileType = wrapper.cfbundle; includeInIndex = 0; path = FormationTests.xctest; sourceTree = BUILT_PRODUCTS_DIR; };
		121544401941C1F8008D7DE8 /* Info.plist */ = {isa = PBXFileReference; lastKnownFileType = text.plist.xml; path = Info.plist; sourceTree = "<group>"; };
		121544411941C1F8008D7DE8 /* FormationTests.swift */ = {isa = PBXFileReference; lastKnownFileType = sourcecode.swift; path = FormationTests.swift; sourceTree = "<group>"; };
		1215444C1941C238008D7DE8 /* RSSItem.swift */ = {isa = PBXFileReference; fileEncoding = 4; lastKnownFileType = sourcecode.swift; path = RSSItem.swift; sourceTree = "<group>"; };
		1215444E1941C755008D7DE8 /* RSSFeed.swift */ = {isa = PBXFileReference; fileEncoding = 4; lastKnownFileType = sourcecode.swift; path = RSSFeed.swift; sourceTree = "<group>"; };
		121544501941EFFD008D7DE8 /* RSSReader.swift */ = {isa = PBXFileReference; fileEncoding = 4; lastKnownFileType = sourcecode.swift; path = RSSReader.swift; sourceTree = "<group>"; };
/* End PBXFileReference section */

/* Begin PBXFrameworksBuildPhase section */
		121544281941C1F7008D7DE8 /* Frameworks */ = {
			isa = PBXFrameworksBuildPhase;
			buildActionMask = 2147483647;
			files = (
			);
			runOnlyForDeploymentPostprocessing = 0;
		};
		121544381941C1F8008D7DE8 /* Frameworks */ = {
			isa = PBXFrameworksBuildPhase;
			buildActionMask = 2147483647;
			files = (
			);
			runOnlyForDeploymentPostprocessing = 0;
		};
/* End PBXFrameworksBuildPhase section */

/* Begin PBXGroup section */
		121544221941C1F7008D7DE8 = {
			isa = PBXGroup;
			children = (
				1215442D1941C1F7008D7DE8 /* Formation */,
				1215443E1941C1F8008D7DE8 /* FormationTests */,
				1215442C1941C1F7008D7DE8 /* Products */,
			);
			sourceTree = "<group>";
		};
		1215442C1941C1F7008D7DE8 /* Products */ = {
			isa = PBXGroup;
			children = (
				1215442B1941C1F7008D7DE8 /* Formation.app */,
				1215443B1941C1F8008D7DE8 /* FormationTests.xctest */,
			);
			name = Products;
			sourceTree = "<group>";
		};
		1215442D1941C1F7008D7DE8 /* Formation */ = {
			isa = PBXGroup;
			children = (
				1215444B1941C21A008D7DE8 /* Metier */,
				121544301941C1F7008D7DE8 /* AppDelegate.swift */,
				121544351941C1F7008D7DE8 /* Images.xcassets */,
				121544321941C1F7008D7DE8 /* Formation.xcdatamodeld */,
				1215442E1941C1F7008D7DE8 /* Supporting Files */,
			);
			path = Formation;
			sourceTree = "<group>";
		};
		1215442E1941C1F7008D7DE8 /* Supporting Files */ = {
			isa = PBXGroup;
			children = (
				1215442F1941C1F7008D7DE8 /* Info.plist */,
			);
			name = "Supporting Files";
			sourceTree = "<group>";
		};
		1215443E1941C1F8008D7DE8 /* FormationTests */ = {
			isa = PBXGroup;
			children = (
				121544411941C1F8008D7DE8 /* FormationTests.swift */,
				1215443F1941C1F8008D7DE8 /* Supporting Files */,
			);
			path = FormationTests;
			sourceTree = "<group>";
		};
		1215443F1941C1F8008D7DE8 /* Supporting Files */ = {
			isa = PBXGroup;
			children = (
				121544401941C1F8008D7DE8 /* Info.plist */,
			);
			name = "Supporting Files";
			sourceTree = "<group>";
		};
		1215444B1941C21A008D7DE8 /* Metier */ = {
			isa = PBXGroup;
			children = (
				1215444C1941C238008D7DE8 /* RSSItem.swift */,
				1215444E1941C755008D7DE8 /* RSSFeed.swift */,
				121544501941EFFD008D7DE8 /* RSSReader.swift */,
			);
			name = Metier;
			sourceTree = "<group>";
		};
/* End PBXGroup section */

/* Begin PBXNativeTarget section */
		1215442A1941C1F7008D7DE8 /* Formation */ = {
			isa = PBXNativeTarget;
			buildConfigurationList = 121544451941C1F8008D7DE8 /* Build configuration list for PBXNativeTarget "Formation" */;
			buildPhases = (
				121544271941C1F7008D7DE8 /* Sources */,
				121544281941C1F7008D7DE8 /* Frameworks */,
				121544291941C1F7008D7DE8 /* Resources */,
			);
			buildRules = (
			);
			dependencies = (
			);
			name = Formation;
			productName = Formation;
			productReference = 1215442B1941C1F7008D7DE8 /* Formation.app */;
			productType = "com.apple.product-type.application";
		};
		1215443A1941C1F8008D7DE8 /* FormationTests */ = {
			isa = PBXNativeTarget;
			buildConfigurationList = 121544481941C1F8008D7DE8 /* Build configuration list for PBXNativeTarget "FormationTests" */;
			buildPhases = (
				121544371941C1F8008D7DE8 /* Sources */,
				121544381941C1F8008D7DE8 /* Frameworks */,
				121544391941C1F8008D7DE8 /* Resources */,
			);
			buildRules = (
			);
			dependencies = (
				1215443D1941C1F8008D7DE8 /* PBXTargetDependency */,
			);
			name = FormationTests;
			productName = FormationTests;
			productReference = 1215443B1941C1F8008D7DE8 /* FormationTests.xctest */;
			productType = "com.apple.product-type.bundle.unit-test";
		};
/* End PBXNativeTarget section */

/* Begin PBXProject section */
		121544231941C1F7008D7DE8 /* Project object */ = {
			isa = PBXProject;
			attributes = {
				LastUpgradeCheck = 0600;
				ORGANIZATIONNAME = "IT&L@bs";
				TargetAttributes = {
					1215442A1941C1F7008D7DE8 = {
						CreatedOnToolsVersion = 6.0;
					};
					1215443A1941C1F8008D7DE8 = {
						CreatedOnToolsVersion = 6.0;
						TestTargetID = 1215442A1941C1F7008D7DE8;
					};
				};
			};
			buildConfigurationList = 121544261941C1F7008D7DE8 /* Build configuration list for PBXProject "Formation" */;
			compatibilityVersion = "Xcode 3.2";
			developmentRegion = English;
			hasScannedForEncodings = 0;
			knownRegions = (
				en,
			);
			mainGroup = 121544221941C1F7008D7DE8;
			productRefGroup = 1215442C1941C1F7008D7DE8 /* Products */;
			projectDirPath = "";
			projectRoot = "";
			targets = (
				1215442A1941C1F7008D7DE8 /* Formation */,
				1215443A1941C1F8008D7DE8 /* FormationTests */,
			);
		};
/* End PBXProject section */

/* Begin PBXResourcesBuildPhase section */
		121544291941C1F7008D7DE8 /* Resources */ = {
			isa = PBXResourcesBuildPhase;
			buildActionMask = 2147483647;
			files = (
				121544361941C1F7008D7DE8 /* Images.xcassets in Resources */,
			);
			runOnlyForDeploymentPostprocessing = 0;
		};
		121544391941C1F8008D7DE8 /* Resources */ = {
			isa = PBXResourcesBuildPhase;
			buildActionMask = 2147483647;
			files = (
			);
			runOnlyForDeploymentPostprocessing = 0;
		};
/* End PBXResourcesBuildPhase section */

/* Begin PBXSourcesBuildPhase section */
		121544271941C1F7008D7DE8 /* Sources */ = {
			isa = PBXSourcesBuildPhase;
			buildActionMask = 2147483647;
			files = (
				1215444F1941C755008D7DE8 /* RSSFeed.swift in Sources */,
				1215444D1941C238008D7DE8 /* RSSItem.swift in Sources */,
				121544511941EFFD008D7DE8 /* RSSReader.swift in Sources */,
				121544311941C1F7008D7DE8 /* AppDelegate.swift in Sources */,
				121544341941C1F7008D7DE8 /* Formation.xcdatamodeld in Sources */,
			);
			runOnlyForDeploymentPostprocessing = 0;
		};
		121544371941C1F8008D7DE8 /* Sources */ = {
			isa = PBXSourcesBuildPhase;
			buildActionMask = 2147483647;
			files = (
				121544421941C1F8008D7DE8 /* FormationTests.swift in Sources */,
			);
			runOnlyForDeploymentPostprocessing = 0;
		};
/* End PBXSourcesBuildPhase section */

/* Begin PBXTargetDependency section */
		1215443D1941C1F8008D7DE8 /* PBXTargetDependency */ = {
			isa = PBXTargetDependency;
			target = 1215442A1941C1F7008D7DE8 /* Formation */;
			targetProxy = 1215443C1941C1F8008D7DE8 /* PBXContainerItemProxy */;
		};
/* End PBXTargetDependency section */

/* Begin XCBuildConfiguration section */
		121544431941C1F8008D7DE8 /* Debug */ = {
			isa = XCBuildConfiguration;
			buildSettings = {
				ALWAYS_SEARCH_USER_PATHS = NO;
				CLANG_CXX_LANGUAGE_STANDARD = "gnu++0x";
				CLANG_CXX_LIBRARY = "libc++";
				CLANG_ENABLE_MODULES = YES;
				CLANG_ENABLE_OBJC_ARC = YES;
				CLANG_WARN_BOOL_CONVERSION = YES;
				CLANG_WARN_CONSTANT_CONVERSION = YES;
				CLANG_WARN_DIRECT_OBJC_ISA_USAGE = YES_ERROR;
				CLANG_WARN_EMPTY_BODY = YES;
				CLANG_WARN_ENUM_CONVERSION = YES;
				CLANG_WARN_INT_CONVERSION = YES;
				CLANG_WARN_OBJC_ROOT_CLASS = YES_ERROR;
				CLANG_WARN_UNREACHABLE_CODE = YES;
				CLANG_WARN__DUPLICATE_METHOD_MATCH = YES;
				"CODE_SIGN_IDENTITY[sdk=iphoneos*]" = "iPhone Developer";
				COPY_PHASE_STRIP = NO;
				ENABLE_STRICT_OBJC_MSGSEND = YES;
				GCC_C_LANGUAGE_STANDARD = gnu99;
				GCC_DYNAMIC_NO_PIC = NO;
				GCC_OPTIMIZATION_LEVEL = 0;
				GCC_PREPROCESSOR_DEFINITIONS = (
					"DEBUG=1",
					"$(inherited)",
				);
				GCC_SYMBOLS_PRIVATE_EXTERN = NO;
				GCC_WARN_64_TO_32_BIT_CONVERSION = YES;
				GCC_WARN_ABOUT_RETURN_TYPE = YES_ERROR;
				GCC_WARN_UNDECLARED_SELECTOR = YES;
				GCC_WARN_UNINITIALIZED_AUTOS = YES_AGGRESSIVE;
				GCC_WARN_UNUSED_FUNCTION = YES;
				GCC_WARN_UNUSED_VARIABLE = YES;
				IPHONEOS_DEPLOYMENT_TARGET = 8.0;
				METAL_ENABLE_DEBUG_INFO = YES;
				ONLY_ACTIVE_ARCH = YES;
				SDKROOT = iphoneos;
				SWIFT_OPTIMIZATION_LEVEL = "-Onone";
			};
			name = Debug;
		};
		121544441941C1F8008D7DE8 /* Release */ = {
			isa = XCBuildConfiguration;
			buildSettings = {
				ALWAYS_SEARCH_USER_PATHS = NO;
				CLANG_CXX_LANGUAGE_STANDARD = "gnu++0x";
				CLANG_CXX_LIBRARY = "libc++";
				CLANG_ENABLE_MODULES = YES;
				CLANG_ENABLE_OBJC_ARC = YES;
				CLANG_WARN_BOOL_CONVERSION = YES;
				CLANG_WARN_CONSTANT_CONVERSION = YES;
				CLANG_WARN_DIRECT_OBJC_ISA_USAGE = YES_ERROR;
				CLANG_WARN_EMPTY_BODY = YES;
				CLANG_WARN_ENUM_CONVERSION = YES;
				CLANG_WARN_INT_CONVERSION = YES;
				CLANG_WARN_OBJC_ROOT_CLASS = YES_ERROR;
				CLANG_WARN_UNREACHABLE_CODE = YES;
				CLANG_WARN__DUPLICATE_METHOD_MATCH = YES;
				"CODE_SIGN_IDENTITY[sdk=iphoneos*]" = "iPhone Developer";
				COPY_PHASE_STRIP = YES;
				ENABLE_NS_ASSERTIONS = NO;
				ENABLE_STRICT_OBJC_MSGSEND = YES;
				GCC_C_LANGUAGE_STANDARD = gnu99;
				GCC_WARN_64_TO_32_BIT_CONVERSION = YES;
				GCC_WARN_ABOUT_RETURN_TYPE = YES_ERROR;
				GCC_WARN_UNDECLARED_SELECTOR = YES;
				GCC_WARN_UNINITIALIZED_AUTOS = YES_AGGRESSIVE;
				GCC_WARN_UNUSED_FUNCTION = YES;
				GCC_WARN_UNUSED_VARIABLE = YES;
				IPHONEOS_DEPLOYMENT_TARGET = 8.0;
				METAL_ENABLE_DEBUG_INFO = NO;
				SDKROOT = iphoneos;
				VALIDATE_PRODUCT = YES;
			};
			name = Release;
		};
		121544461941C1F8008D7DE8 /* Debug */ = {
			isa = XCBuildConfiguration;
			buildSettings = {
				ASSETCATALOG_COMPILER_APPICON_NAME = AppIcon;
				ASSETCATALOG_COMPILER_LAUNCHIMAGE_NAME = LaunchImage;
				INFOPLIST_FILE = Formation/Info.plist;
				LD_RUNPATH_SEARCH_PATHS = "$(inherited) @executable_path/Frameworks";
				PRODUCT_NAME = "$(TARGET_NAME)";
			};
			name = Debug;
		};
		121544471941C1F8008D7DE8 /* Release */ = {
			isa = XCBuildConfiguration;
			buildSettings = {
				ASSETCATALOG_COMPILER_APPICON_NAME = AppIcon;
				ASSETCATALOG_COMPILER_LAUNCHIMAGE_NAME = LaunchImage;
				INFOPLIST_FILE = Formation/Info.plist;
				LD_RUNPATH_SEARCH_PATHS = "$(inherited) @executable_path/Frameworks";
				PRODUCT_NAME = "$(TARGET_NAME)";
			};
			name = Release;
		};
		121544491941C1F8008D7DE8 /* Debug */ = {
			isa = XCBuildConfiguration;
			buildSettings = {
				BUNDLE_LOADER = "$(BUILT_PRODUCTS_DIR)/Formation.app/Formation";
				FRAMEWORK_SEARCH_PATHS = (
					"$(SDKROOT)/Developer/Library/Frameworks",
					"$(inherited)",
				);
				GCC_PREPROCESSOR_DEFINITIONS = (
					"DEBUG=1",
					"$(inherited)",
				);
				INFOPLIST_FILE = FormationTests/Info.plist;
				LD_RUNPATH_SEARCH_PATHS = "$(inherited) @executable_path/Frameworks @loader_path/Frameworks";
				METAL_ENABLE_DEBUG_INFO = YES;
				PRODUCT_NAME = "$(TARGET_NAME)";
				TEST_HOST = "$(BUNDLE_LOADER)";
			};
			name = Debug;
		};
		1215444A1941C1F8008D7DE8 /* Release */ = {
			isa = XCBuildConfiguration;
			buildSettings = {
				BUNDLE_LOADER = "$(BUILT_PRODUCTS_DIR)/Formation.app/Formation";
				FRAMEWORK_SEARCH_PATHS = (
					"$(SDKROOT)/Developer/Library/Frameworks",
					"$(inherited)",
				);
				INFOPLIST_FILE = FormationTests/Info.plist;
				LD_RUNPATH_SEARCH_PATHS = "$(inherited) @executable_path/Frameworks @loader_path/Frameworks";
				METAL_ENABLE_DEBUG_INFO = NO;
				PRODUCT_NAME = "$(TARGET_NAME)";
				TEST_HOST = "$(BUNDLE_LOADER)";
			};
			name = Release;
		};
/* End XCBuildConfiguration section */

/* Begin XCConfigurationList section */
		121544261941C1F7008D7DE8 /* Build configuration list for PBXProject "Formation" */ = {
			isa = XCConfigurationList;
			buildConfigurations = (
				121544431941C1F8008D7DE8 /* Debug */,
				121544441941C1F8008D7DE8 /* Release */,
			);
			defaultConfigurationIsVisible = 0;
			defaultConfigurationName = Release;
		};
		121544451941C1F8008D7DE8 /* Build configuration list for PBXNativeTarget "Formation" */ = {
			isa = XCConfigurationList;
			buildConfigurations = (
				121544461941C1F8008D7DE8 /* Debug */,
				121544471941C1F8008D7DE8 /* Release */,
			);
			defaultConfigurationIsVisible = 0;
			defaultConfigurationName = Release;
		};
		121544481941C1F8008D7DE8 /* Build configuration list for PBXNativeTarget "FormationTests" */ = {
			isa = XCConfigurationList;
			buildConfigurations = (
				121544491941C1F8008D7DE8 /* Debug */,
				1215444A1941C1F8008D7DE8 /* Release */,
			);
			defaultConfigurationIsVisible = 0;
			defaultConfigurationName = Release;
		};
/* End XCConfigurationList section */

/* Begin XCVersionGroup section */
		121544321941C1F7008D7DE8 /* Formation.xcdatamodeld */ = {
			isa = XCVersionGroup;
			children = (
				121544331941C1F7008D7DE8 /* Formation.xcdatamodel */,
			);
			currentVersion = 121544331941C1F7008D7DE8 /* Formation.xcdatamodel */;
			path = Formation.xcdatamodeld;
			sourceTree = "<group>";
			versionGroupType = wrapper.xcdatamodel;
		};
/* End XCVersionGroup section */
	};
	rootObject = 121544231941C1F7008D7DE8 /* Project object */;
}
